{
  "nodes": {
    "cloud-hypervisor-src": {
      "flake": false,
      "locked": {
        "lastModified": 1765965589,
        "narHash": "sha256-A4q/mZbe2cZD5L6w8nL3EwsKNlM9onfESIlQQze/iXE=",
        "ref": "refs/heads/next-gardenlinux-v49",
        "rev": "89ab61df57d7c57363f4618ca667a788479a34c2",
        "revCount": 9120,
        "type": "git",
        "url": "file:/home/pschuster/dev/cloud-hypervisor"
      },
      "original": {
        "type": "git",
        "url": "file:/home/pschuster/dev/cloud-hypervisor"
      }
    },
    "cloud-hypervisor-src_2": {
      "flake": false,
      "locked": {
        "lastModified": 1765211060,
        "narHash": "sha256-prSgUWqgZQAH90hqTRD08Ie6d3WYYKV4SyWOMD/SVFY=",
        "owner": "cyberus-technology",
        "repo": "cloud-hypervisor",
        "rev": "0d9477d1fc8c3549c5d1feca4bb90f70608187ea",
        "type": "github"
      },
      "original": {
        "owner": "cyberus-technology",
        "ref": "gardenlinux",
        "repo": "cloud-hypervisor",
        "type": "github"
      }
    },
    "crane": {
      "locked": {
        "lastModified": 1764903584,
        "narHash": "sha256-RSkJtNtx0SEaQiYqsoFoRynwfZLo2OZ9z6rUq1DJR6g=",
        "owner": "ipetkov",
        "repo": "crane",
        "rev": "2b3a5a88d852575758e1eb6ac9ee677fcd633fc1",
        "type": "github"
      },
      "original": {
        "owner": "ipetkov",
        "ref": "master",
        "repo": "crane",
        "type": "github"
      }
    },
    "crane_2": {
      "locked": {
        "lastModified": 1764903584,
        "narHash": "sha256-RSkJtNtx0SEaQiYqsoFoRynwfZLo2OZ9z6rUq1DJR6g=",
        "owner": "ipetkov",
        "repo": "crane",
        "rev": "2b3a5a88d852575758e1eb6ac9ee677fcd633fc1",
        "type": "github"
      },
      "original": {
        "owner": "ipetkov",
        "ref": "master",
        "repo": "crane",
        "type": "github"
      }
    },
    "dried-nix-flakes": {
      "locked": {
        "lastModified": 1756139350,
        "narHash": "sha256-pObQv94NclXVXjJV8sTiKwFes4fGEWpkNzDsXw5DqnY=",
        "owner": "cyberus-technology",
        "repo": "dried-nix-flakes",
        "rev": "1b2ba62710c6c1d9eba0e8e3adc029cc2e9291a4",
        "type": "github"
      },
      "original": {
        "owner": "cyberus-technology",
        "repo": "dried-nix-flakes",
        "type": "github"
      }
    },
    "dried-nix-flakes_2": {
      "locked": {
        "lastModified": 1756139350,
        "narHash": "sha256-pObQv94NclXVXjJV8sTiKwFes4fGEWpkNzDsXw5DqnY=",
        "owner": "cyberus-technology",
        "repo": "dried-nix-flakes",
        "rev": "1b2ba62710c6c1d9eba0e8e3adc029cc2e9291a4",
        "type": "github"
      },
      "original": {
        "owner": "cyberus-technology",
        "repo": "dried-nix-flakes",
        "type": "github"
      }
    },
    "edk2-src": {
      "flake": false,
      "locked": {
        "lastModified": 1753177921,
        "narHash": "sha256-NGSNYuIlmktpc6Jux17pdnaXLhIxZxofA47w6s8dasg=",
        "ref": "gardenlinux",
        "rev": "838aba54db575012bea74a683d15d4ee900bbad9",
        "revCount": 34304,
        "submodules": true,
        "type": "git",
        "url": "https://github.com/cyberus-technology/edk2"
      },
      "original": {
        "ref": "gardenlinux",
        "submodules": true,
        "type": "git",
        "url": "https://github.com/cyberus-technology/edk2"
      }
    },
    "edk2-src_2": {
      "flake": false,
      "locked": {
        "lastModified": 1753177921,
        "narHash": "sha256-NGSNYuIlmktpc6Jux17pdnaXLhIxZxofA47w6s8dasg=",
        "ref": "gardenlinux",
        "rev": "838aba54db575012bea74a683d15d4ee900bbad9",
        "revCount": 34304,
        "submodules": true,
        "type": "git",
        "url": "https://github.com/cyberus-technology/edk2"
      },
      "original": {
        "ref": "gardenlinux",
        "submodules": true,
        "type": "git",
        "url": "https://github.com/cyberus-technology/edk2"
      }
    },
    "fcntl-tool": {
      "inputs": {
        "nixpkgs": [
          "nixpkgs"
        ]
      },
      "locked": {
        "lastModified": 1764620651,
        "narHash": "sha256-OOoCw8Bo36VGDkSPqYYxY8JSJarI1FTmwK0G47K6KKQ=",
        "owner": "phip1611",
        "repo": "fcntl-tool",
        "rev": "ca5d70e4096eb1ea7d32fac93bd2fd4b9c617345",
        "type": "github"
      },
      "original": {
        "owner": "phip1611",
        "repo": "fcntl-tool",
        "type": "github"
      }
    },
    "fcntl-tool_2": {
      "inputs": {
        "nixpkgs": [
          "libvirt-chv",
          "libvirt-tests",
          "nixpkgs"
        ]
      },
      "locked": {
        "lastModified": 1764620651,
        "narHash": "sha256-OOoCw8Bo36VGDkSPqYYxY8JSJarI1FTmwK0G47K6KKQ=",
        "owner": "phip1611",
        "repo": "fcntl-tool",
        "rev": "ca5d70e4096eb1ea7d32fac93bd2fd4b9c617345",
        "type": "github"
      },
      "original": {
        "owner": "phip1611",
        "repo": "fcntl-tool",
        "type": "github"
      }
    },
    "keycodemapdb": {
      "flake": false,
      "locked": {
        "lastModified": 1752156361,
        "narHash": "sha256-gfrQPAwgShtgkDWZOkivDO1Aj7UUdaGTitirGy+RA70=",
        "ref": "refs/heads/master",
        "rev": "54788039c0b3486a8883090d6736c2500177af29",
        "revCount": 89,
        "type": "git",
        "url": "https://gitlab.com/keycodemap/keycodemapdb.git"
      },
      "original": {
        "type": "git",
        "url": "https://gitlab.com/keycodemap/keycodemapdb.git"
      }
    },
    "libvirt-chv": {
      "inputs": {
        "cloud-hypervisor-src": "cloud-hypervisor-src_2",
        "keycodemapdb": "keycodemapdb",
        "libvirt-tests": "libvirt-tests",
        "nixpkgs": "nixpkgs"
      },
      "locked": {
        "lastModified": 1765977330,
        "narHash": "sha256-eCOxgC46lfU+BwdZW5u/ZJDK4PRgzykFSk0WUztYsUk=",
        "ref": "refs/heads/nix-2",
        "rev": "1322649dfbedc1f2b100d1ba0e0b863cb2ee00ca",
        "revCount": 52428,
        "type": "git",
        "url": "file:/home/pschuster/dev/libvirt"
      },
      "original": {
        "type": "git",
        "url": "file:/home/pschuster/dev/libvirt"
      }
    },
    "libvirt-src": {
      "flake": false,
      "locked": {
        "lastModified": 1764948266,
        "narHash": "sha256-fhqa7QzUv+sn7OAI+xdT1wPTGl02RnxtSHquQkRqCg0=",
        "ref": "gardenlinux",
        "rev": "b0b849c70fa7eaba4409373531f031be8add5a3d",
        "revCount": 52405,
        "submodules": true,
        "type": "git",
        "url": "https://github.com/cyberus-technology/libvirt"
      },
      "original": {
        "ref": "gardenlinux",
        "submodules": true,
        "type": "git",
        "url": "https://github.com/cyberus-technology/libvirt"
      }
    },
    "libvirt-tests": {
      "inputs": {
        "cloud-hypervisor-src": [
          "libvirt-chv",
          "cloud-hypervisor-src"
        ],
        "crane": "crane_2",
        "dried-nix-flakes": "dried-nix-flakes_2",
        "edk2-src": "edk2-src_2",
        "fcntl-tool": "fcntl-tool_2",
        "libvirt-src": "libvirt-src",
        "nixpkgs": [
          "libvirt-chv",
          "nixpkgs"
        ],
        "rust-overlay": "rust-overlay"
      },
      "locked": {
        "lastModified": 1765882764,
        "narHash": "sha256-m6Fmaj+OavgqXpyJu5z/QU+gR6OUU3M99lYq6fcn+yM=",
        "owner": "cyberus-technology",
        "repo": "libvirt-tests",
        "rev": "e448e6b00b274da58e5f52a695b3f76c703d7485",
        "type": "github"
      },
      "original": {
        "owner": "cyberus-technology",
        "repo": "libvirt-tests",
        "type": "github"
      }
    },
    "nixpkgs": {
      "locked": {
        "lastModified": 1764522689,
        "narHash": "sha256-SqUuBFjhl/kpDiVaKLQBoD8TLD+/cTUzzgVFoaHrkqY=",
        "owner": "nixos",
        "repo": "nixpkgs",
        "rev": "8bb5646e0bed5dbd3ab08c7a7cc15b75ab4e1d0f",
        "type": "github"
      },
      "original": {
        "owner": "nixos",
        "ref": "nixos-25.11",
        "repo": "nixpkgs",
        "type": "github"
      }
    },
    "nixpkgs_2": {
      "locked": {
        "lastModified": 1764831616,
        "narHash": "sha256-OtzF5wBvO0jgW1WW1rQU9cMGx7zuvkF7CAVJ1ypzkxA=",
        "owner": "nixos",
        "repo": "nixpkgs",
        "rev": "c97c47f2bac4fa59e2cbdeba289686ae615f8ed4",
        "type": "github"
      },
      "original": {
        "owner": "nixos",
        "ref": "nixos-25.11",
        "repo": "nixpkgs",
        "type": "github"
      }
    },
    "root": {
      "inputs": {
        "cloud-hypervisor-src": "cloud-hypervisor-src",
        "crane": "crane",
        "dried-nix-flakes": "dried-nix-flakes",
        "edk2-src": "edk2-src",
        "fcntl-tool": "fcntl-tool",
        "libvirt-chv": "libvirt-chv",
        "nixpkgs": "nixpkgs_2",
        "rust-overlay": "rust-overlay_2"
      }
    },
    "rust-overlay": {
      "inputs": {
        "nixpkgs": [
          "libvirt-chv",
          "libvirt-tests",
          "nixpkgs"
        ]
      },
      "locked": {
        "lastModified": 1764902447,
        "narHash": "sha256-wNqkDBj+tjK619sTHPEA7uhjr7DHHEY8OsFou31dxy0=",
        "owner": "oxalica",
        "repo": "rust-overlay",
        "rev": "d914a744a83098eeb28125d2848ad383b209223f",
        "type": "github"
      },
      "original": {
        "owner": "oxalica",
        "repo": "rust-overlay",
        "type": "github"
      }
    },
    "rust-overlay_2": {
      "inputs": {
        "nixpkgs": [
          "nixpkgs"
        ]
      },
      "locked": {
        "lastModified": 1764902447,
        "narHash": "sha256-wNqkDBj+tjK619sTHPEA7uhjr7DHHEY8OsFou31dxy0=",
        "owner": "oxalica",
        "repo": "rust-overlay",
        "rev": "d914a744a83098eeb28125d2848ad383b209223f",
        "type": "github"
      },
      "original": {
        "owner": "oxalica",
        "repo": "rust-overlay",
        "type": "github"
      }
    }
  },
  "root": "root",
  "version": 7
}
